
Microsoft Visual Studio Solution File, Format Version 12.00
# Visual Studio Version 17
VisualStudioVersion = 17.0.32002.185
MinimumVisualStudioVersion = 10.0.40219.1
Project("{FAE04EC0-301F-11D3-BF4B-00C04F79EFBC}") = "ElibrayManagement01", "ElibrayManagement01.csproj", "{F4B3D2BD-3FAE-4550-9442-6AAC7249EEA6}"
EndProject
Global
	GlobalSection(SolutionConfigurationPlatforms) = preSolution
		Debug|Any CPU = Debug|Any CPU
		Release|Any CPU = Release|Any CPU
	EndGlobalSection
	GlobalSection(ProjectConfigurationPlatforms) = postSolution
		{F4B3D2BD-3FAE-4550-9442-6AAC7249EEA6}.Debug|Any CPU.ActiveCfg = Debug|Any CPU
		{F4B3D2BD-3FAE-4550-9442-6AAC7249EEA6}.Debug|Any CPU.Build.0 = Debug|Any CPU
		{F4B3D2BD-3FAE-4550-9442-6AAC7249EEA6}.Release|Any CPU.ActiveCfg = Release|Any CPU
		{F4B3D2BD-3FAE-4550-9442-6AAC7249EEA6}.Release|Any CPU.Build.0 = Release|Any CPU
	EndGlobalSection
	GlobalSection(SolutionProperties) = preSolution
		HideSolutionNode = FALSE
	EndGlobalSection
	GlobalSection(ExtensibilityGlobals) = postSolution
		SolutionGuid = {B137F16C-924E-4BD1-AC03-E31E09B7CDF2}
	EndGlobalSection
EndGlobal
